// !$*UTF8*$!
{
	archiveVersion = 1;
	classes = {
	};
	objectVersion = 55;
	objects = {

/* Begin PBXBuildFile section */
		F54B37B229473753007697E4 /* PersonManager.swift in Sources */ = {isa = PBXBuildFile; fileRef = F54B37B129473753007697E4 /* PersonManager.swift */; };
		F54B37B529474DD4007697E4 /* Character.swift in Sources */ = {isa = PBXBuildFile; fileRef = F54B37B429474DD4007697E4 /* Character.swift */; };
		F54B37B829474E6A007697E4 /* AdapterJSONToArray.swift in Sources */ = {isa = PBXBuildFile; fileRef = F54B37B729474E6A007697E4 /* AdapterJSONToArray.swift */; };
		F54B37BB29475467007697E4 /* AddPersonController.swift in Sources */ = {isa = PBXBuildFile; fileRef = F54B37BA29475467007697E4 /* AddPersonController.swift */; };
		F5B247B929438EC200ECA2CA /* AppDelegate.swift in Sources */ = {isa = PBXBuildFile; fileRef = F5B247B829438EC200ECA2CA /* AppDelegate.swift */; };
		F5B247C529438EC300ECA2CA /* Assets.xcassets in Resources */ = {isa = PBXBuildFile; fileRef = F5B247C429438EC300ECA2CA /* Assets.xcassets */; };
		F5B247D7294390A500ECA2CA /* LaunchScreen.storyboard in Resources */ = {isa = PBXBuildFile; fileRef = F5B247D6294390A500ECA2CA /* LaunchScreen.storyboard */; };
		F5B247DB2943910200ECA2CA /* Main.storyboard in Resources */ = {isa = PBXBuildFile; fileRef = F5B247DA2943910200ECA2CA /* Main.storyboard */; };
		F5B247E1294391D600ECA2CA /* AppleCoreData.xcdatamodeld in Sources */ = {isa = PBXBuildFile; fileRef = F5B247DF294391D600ECA2CA /* AppleCoreData.xcdatamodeld */; };
		F5B24806294395A700ECA2CA /* CoreDataStack.swift in Sources */ = {isa = PBXBuildFile; fileRef = F5B24805294395A700ECA2CA /* CoreDataStack.swift */; };
		F5B24808294399EC00ECA2CA /* houseStark.json in Resources */ = {isa = PBXBuildFile; fileRef = F5B24807294399EC00ECA2CA /* houseStark.json */; };
		F5B2480A29439A0800ECA2CA /* MainViewController.swift in Sources */ = {isa = PBXBuildFile; fileRef = F5B2480929439A0800ECA2CA /* MainViewController.swift */; };
		F5B2480C2943AD4200ECA2CA /* CoreDataManager.swift in Sources */ = {isa = PBXBuildFile; fileRef = F5B2480B2943AD4200ECA2CA /* CoreDataManager.swift */; };
/* End PBXBuildFile section */

/* Begin PBXFileReference section */
		F54B37B129473753007697E4 /* PersonManager.swift */ = {isa = PBXFileReference; lastKnownFileType = sourcecode.swift; path = PersonManager.swift; sourceTree = "<group>"; };
		F54B37B429474DD4007697E4 /* Character.swift */ = {isa = PBXFileReference; lastKnownFileType = sourcecode.swift; path = Character.swift; sourceTree = "<group>"; };
		F54B37B729474E6A007697E4 /* AdapterJSONToArray.swift */ = {isa = PBXFileReference; lastKnownFileType = sourcecode.swift; path = AdapterJSONToArray.swift; sourceTree = "<group>"; };
		F54B37BA29475467007697E4 /* AddPersonController.swift */ = {isa = PBXFileReference; lastKnownFileType = sourcecode.swift; path = AddPersonController.swift; sourceTree = "<group>"; };
		F5B247B529438EC200ECA2CA /* AppleCoreData.app */ = {isa = PBXFileReference; explicitFileType = wrapper.application; includeInIndex = 0; path = AppleCoreData.app; sourceTree = BUILT_PRODUCTS_DIR; };
		F5B247B829438EC200ECA2CA /* AppDelegate.swift */ = {isa = PBXFileReference; lastKnownFileType = sourcecode.swift; path = AppDelegate.swift; sourceTree = "<group>"; };
		F5B247C429438EC300ECA2CA /* Assets.xcassets */ = {isa = PBXFileReference; lastKnownFileType = folder.assetcatalog; path = Assets.xcassets; sourceTree = "<group>"; };
		F5B247C929438EC300ECA2CA /* Info.plist */ = {isa = PBXFileReference; lastKnownFileType = text.plist.xml; path = Info.plist; sourceTree = "<group>"; };
		F5B247D6294390A500ECA2CA /* LaunchScreen.storyboard */ = {isa = PBXFileReference; fileEncoding = 4; lastKnownFileType = file.storyboard; path = LaunchScreen.storyboard; sourceTree = "<group>"; };
		F5B247DA2943910200ECA2CA /* Main.storyboard */ = {isa = PBXFileReference; fileEncoding = 4; lastKnownFileType = file.storyboard; path = Main.storyboard; sourceTree = "<group>"; };
		F5B247E0294391D600ECA2CA /* AppleCoreData.xcdatamodel */ = {isa = PBXFileReference; lastKnownFileType = wrapper.xcdatamodel; path = AppleCoreData.xcdatamodel; sourceTree = "<group>"; };
		F5B24805294395A700ECA2CA /* CoreDataStack.swift */ = {isa = PBXFileReference; lastKnownFileType = sourcecode.swift; path = CoreDataStack.swift; sourceTree = "<group>"; };
		F5B24807294399EC00ECA2CA /* houseStark.json */ = {isa = PBXFileReference; fileEncoding = 4; lastKnownFileType = text.json; path = houseStark.json; sourceTree = "<group>"; };
		F5B2480929439A0800ECA2CA /* MainViewController.swift */ = {isa = PBXFileReference; lastKnownFileType = sourcecode.swift; path = MainViewController.swift; sourceTree = "<group>"; };
		F5B2480B2943AD4200ECA2CA /* CoreDataManager.swift */ = {isa = PBXFileReference; lastKnownFileType = sourcecode.swift; path = CoreDataManager.swift; sourceTree = "<group>"; };
/* End PBXFileReference section */

/* Begin PBXFrameworksBuildPhase section */
		F5B247B229438EC200ECA2CA /* Frameworks */ = {
			isa = PBXFrameworksBuildPhase;
			buildActionMask = 2147483647;
			files = (
			);
			runOnlyForDeploymentPostprocessing = 0;
		};
/* End PBXFrameworksBuildPhase section */

/* Begin PBXGroup section */
		F54B37B029473744007697E4 /* PersonManager */ = {
			isa = PBXGroup;
			children = (
				F54B37B129473753007697E4 /* PersonManager.swift */,
			);
			path = PersonManager;
			sourceTree = "<group>";
		};
		F54B37B329474DC7007697E4 /* Entities */ = {
			isa = PBXGroup;
			children = (
				F54B37B429474DD4007697E4 /* Character.swift */,
			);
			path = Entities;
			sourceTree = "<group>";
		};
		F54B37B629474E5E007697E4 /* AdapterJSONToArray */ = {
			isa = PBXGroup;
			children = (
				F54B37B729474E6A007697E4 /* AdapterJSONToArray.swift */,
			);
			path = AdapterJSONToArray;
			sourceTree = "<group>";
		};
		F54B37B92947545D007697E4 /* Add */ = {
			isa = PBXGroup;
			children = (
				F54B37BA29475467007697E4 /* AddPersonController.swift */,
			);
			path = Add;
			sourceTree = "<group>";
		};
		F5B247AC29438EC200ECA2CA = {
			isa = PBXGroup;
			children = (
				F5B247B729438EC200ECA2CA /* AppleCoreData */,
				F5B247B629438EC200ECA2CA /* Products */,
			);
			sourceTree = "<group>";
		};
		F5B247B629438EC200ECA2CA /* Products */ = {
			isa = PBXGroup;
			children = (
				F5B247B529438EC200ECA2CA /* AppleCoreData.app */,
			);
			name = Products;
			sourceTree = "<group>";
		};
		F5B247B729438EC200ECA2CA /* AppleCoreData */ = {
			isa = PBXGroup;
			children = (
				F5B247D12943900000ECA2CA /* Application */,
				F5B247D029438FF400ECA2CA /* Configuration */,
				F5B2480D2943B14A00ECA2CA /* Library */,
				F5B247CF29438FE700ECA2CA /* Resources */,
			);
			path = AppleCoreData;
			sourceTree = "<group>";
		};
		F5B247CF29438FE700ECA2CA /* Resources */ = {
			isa = PBXGroup;
			children = (
				F5B247C429438EC300ECA2CA /* Assets.xcassets */,
				F5B24807294399EC00ECA2CA /* houseStark.json */,
			);
			path = Resources;
			sourceTree = "<group>";
		};
		F5B247D029438FF400ECA2CA /* Configuration */ = {
			isa = PBXGroup;
			children = (
				F5B247B829438EC200ECA2CA /* AppDelegate.swift */,
				F5B247D6294390A500ECA2CA /* LaunchScreen.storyboard */,
				F5B247C929438EC300ECA2CA /* Info.plist */,
			);
			path = Configuration;
			sourceTree = "<group>";
		};
		F5B247D12943900000ECA2CA /* Application */ = {
			isa = PBXGroup;
			children = (
				F5B247DC2943917600ECA2CA /* Domain */,
				F5B247D22943902500ECA2CA /* UI */,
			);
			path = Application;
			sourceTree = "<group>";
		};
		F5B247D22943902500ECA2CA /* UI */ = {
			isa = PBXGroup;
			children = (
				F5B247D8294390D200ECA2CA /* Modules */,
			);
			path = UI;
			sourceTree = "<group>";
		};
		F5B247D8294390D200ECA2CA /* Modules */ = {
			isa = PBXGroup;
			children = (
				F54B37B92947545D007697E4 /* Add */,
				F5B247D9294390E400ECA2CA /* Main */,
			);
			path = Modules;
			sourceTree = "<group>";
		};
		F5B247D9294390E400ECA2CA /* Main */ = {
			isa = PBXGroup;
			children = (
				F5B247DA2943910200ECA2CA /* Main.storyboard */,
				F5B2480929439A0800ECA2CA /* MainViewController.swift */,
			);
			path = Main;
			sourceTree = "<group>";
		};
		F5B247DC2943917600ECA2CA /* Domain */ = {
			isa = PBXGroup;
			children = (
				F54B37B629474E5E007697E4 /* AdapterJSONToArray */,
				F54B37B329474DC7007697E4 /* Entities */,
				F54B37B029473744007697E4 /* PersonManager */,
				F5B247DD2943918200ECA2CA /* Repository */,
			);
			path = Domain;
			sourceTree = "<group>";
		};
		F5B247DD2943918200ECA2CA /* Repository */ = {
			isa = PBXGroup;
			children = (
				F5B247DE2943919400ECA2CA /* PersistentStorage */,
			);
			path = Repository;
			sourceTree = "<group>";
		};
		F5B247DE2943919400ECA2CA /* PersistentStorage */ = {
			isa = PBXGroup;
			children = (
				F5B247DF294391D600ECA2CA /* AppleCoreData.xcdatamodeld */,
			);
			path = PersistentStorage;
			sourceTree = "<group>";
		};
		F5B2480D2943B14A00ECA2CA /* Library */ = {
			isa = PBXGroup;
			children = (
				F5B2480E2943B15500ECA2CA /* CoreData */,
			);
			path = Library;
			sourceTree = "<group>";
		};
		F5B2480E2943B15500ECA2CA /* CoreData */ = {
			isa = PBXGroup;
			children = (
				F5B24805294395A700ECA2CA /* CoreDataStack.swift */,
				F5B2480B2943AD4200ECA2CA /* CoreDataManager.swift */,
			);
			path = CoreData;
			sourceTree = "<group>";
		};
/* End PBXGroup section */

/* Begin PBXNativeTarget section */
		F5B247B429438EC200ECA2CA /* AppleCoreData */ = {
			isa = PBXNativeTarget;
			buildConfigurationList = F5B247CC29438EC300ECA2CA /* Build configuration list for PBXNativeTarget "AppleCoreData" */;
			buildPhases = (
				F5B247B129438EC200ECA2CA /* Sources */,
				F5B247B229438EC200ECA2CA /* Frameworks */,
				F5B247B329438EC200ECA2CA /* Resources */,
			);
			buildRules = (
			);
			dependencies = (
			);
			name = AppleCoreData;
			productName = AppleCoreData;
			productReference = F5B247B529438EC200ECA2CA /* AppleCoreData.app */;
			productType = "com.apple.product-type.application";
		};
/* End PBXNativeTarget section */

/* Begin PBXProject section */
		F5B247AD29438EC200ECA2CA /* Project object */ = {
			isa = PBXProject;
			attributes = {
				BuildIndependentTargetsInParallel = 1;
				LastSwiftUpdateCheck = 1340;
				LastUpgradeCheck = 1340;
				TargetAttributes = {
					F5B247B429438EC200ECA2CA = {
						CreatedOnToolsVersion = 13.4.1;
					};
				};
			};
			buildConfigurationList = F5B247B029438EC200ECA2CA /* Build configuration list for PBXProject "AppleCoreData" */;
			compatibilityVersion = "Xcode 13.0";
			developmentRegion = en;
			hasScannedForEncodings = 0;
			knownRegions = (
				en,
				Base,
			);
			mainGroup = F5B247AC29438EC200ECA2CA;
			productRefGroup = F5B247B629438EC200ECA2CA /* Products */;
			projectDirPath = "";
			projectRoot = "";
			targets = (
				F5B247B429438EC200ECA2CA /* AppleCoreData */,
			);
		};
/* End PBXProject section */

/* Begin PBXResourcesBuildPhase section */
		F5B247B329438EC200ECA2CA /* Resources */ = {
			isa = PBXResourcesBuildPhase;
			buildActionMask = 2147483647;
			files = (
				F5B24808294399EC00ECA2CA /* houseStark.json in Resources */,
				F5B247DB2943910200ECA2CA /* Main.storyboard in Resources */,
				F5B247D7294390A500ECA2CA /* LaunchScreen.storyboard in Resources */,
				F5B247C529438EC300ECA2CA /* Assets.xcassets in Resources */,
			);
			runOnlyForDeploymentPostprocessing = 0;
		};
/* End PBXResourcesBuildPhase section */

/* Begin PBXSourcesBuildPhase section */
		F5B247B129438EC200ECA2CA /* Sources */ = {
			isa = PBXSourcesBuildPhase;
			buildActionMask = 2147483647;
			files = (
				F54B37B829474E6A007697E4 /* AdapterJSONToArray.swift in Sources */,
				F5B24806294395A700ECA2CA /* CoreDataStack.swift in Sources */,
				F5B247B929438EC200ECA2CA /* AppDelegate.swift in Sources */,
				F54B37B529474DD4007697E4 /* Character.swift in Sources */,
				F5B247E1294391D600ECA2CA /* AppleCoreData.xcdatamodeld in Sources */,
				F54B37BB29475467007697E4 /* AddPersonController.swift in Sources */,
				F5B2480C2943AD4200ECA2CA /* CoreDataManager.swift in Sources */,
				F54B37B229473753007697E4 /* PersonManager.swift in Sources */,
				F5B2480A29439A0800ECA2CA /* MainViewController.swift in Sources */,
			);
			runOnlyForDeploymentPostprocessing = 0;
		};
/* End PBXSourcesBuildPhase section */

/* Begin XCBuildConfiguration section */
		F5B247CA29438EC300ECA2CA /* Debug */ = {
			isa = XCBuildConfiguration;
			buildSettings = {
				ALWAYS_SEARCH_USER_PATHS = NO;
				CLANG_ANALYZER_NONNULL = YES;
				CLANG_ANALYZER_NUMBER_OBJECT_CONVERSION = YES_AGGRESSIVE;
				CLANG_CXX_LANGUAGE_STANDARD = "gnu++17";
				CLANG_ENABLE_MODULES = YES;
				CLANG_ENABLE_OBJC_ARC = YES;
				CLANG_ENABLE_OBJC_WEAK = YES;
				CLANG_WARN_BLOCK_CAPTURE_AUTORELEASING = YES;
				CLANG_WARN_BOOL_CONVERSION = YES;
				CLANG_WARN_COMMA = YES;
				CLANG_WARN_CONSTANT_CONVERSION = YES;
				CLANG_WARN_DEPRECATED_OBJC_IMPLEMENTATIONS = YES;
				CLANG_WARN_DIRECT_OBJC_ISA_USAGE = YES_ERROR;
				CLANG_WARN_DOCUMENTATION_COMMENTS = YES;
				CLANG_WARN_EMPTY_BODY = YES;
				CLANG_WARN_ENUM_CONVERSION = YES;
				CLANG_WARN_INFINITE_RECURSION = YES;
				CLANG_WARN_INT_CONVERSION = YES;
				CLANG_WARN_NON_LITERAL_NULL_CONVERSION = YES;
				CLANG_WARN_OBJC_IMPLICIT_RETAIN_SELF = YES;
				CLANG_WARN_OBJC_LITERAL_CONVERSION = YES;
				CLANG_WARN_OBJC_ROOT_CLASS = YES_ERROR;
				CLANG_WARN_QUOTED_INCLUDE_IN_FRAMEWORK_HEADER = YES;
				CLANG_WARN_RANGE_LOOP_ANALYSIS = YES;
				CLANG_WARN_STRICT_PROTOTYPES = YES;
				CLANG_WARN_SUSPICIOUS_MOVE = YES;
				CLANG_WARN_UNGUARDED_AVAILABILITY = YES_AGGRESSIVE;
				CLANG_WARN_UNREACHABLE_CODE = YES;
				CLANG_WARN__DUPLICATE_METHOD_MATCH = YES;
				COPY_PHASE_STRIP = NO;
				DEBUG_INFORMATION_FORMAT = dwarf;
				ENABLE_STRICT_OBJC_MSGSEND = YES;
				ENABLE_TESTABILITY = YES;
				GCC_C_LANGUAGE_STANDARD = gnu11;
				GCC_DYNAMIC_NO_PIC = NO;
				GCC_NO_COMMON_BLOCKS = YES;
				GCC_OPTIMIZATION_LEVEL = 0;
				GCC_PREPROCESSOR_DEFINITIONS = (
					"DEBUG=1",
					"$(inherited)",
				);
				GCC_WARN_64_TO_32_BIT_CONVERSION = YES;
				GCC_WARN_ABOUT_RETURN_TYPE = YES_ERROR;
				GCC_WARN_UNDECLARED_SELECTOR = YES;
				GCC_WARN_UNINITIALIZED_AUTOS = YES_AGGRESSIVE;
				GCC_WARN_UNUSED_FUNCTION = YES;
				GCC_WARN_UNUSED_VARIABLE = YES;
				IPHONEOS_DEPLOYMENT_TARGET = 15.5;
				MTL_ENABLE_DEBUG_INFO = INCLUDE_SOURCE;
				MTL_FAST_MATH = YES;
				ONLY_ACTIVE_ARCH = YES;
				SDKROOT = iphoneos;
				SWIFT_ACTIVE_COMPILATION_CONDITIONS = DEBUG;
				SWIFT_OPTIMIZATION_LEVEL = "-Onone";
			};
			name = Debug;
		};
		F5B247CB29438EC300ECA2CA /* Release */ = {
			isa = XCBuildConfiguration;
			buildSettings = {
				ALWAYS_SEARCH_USER_PATHS = NO;
				CLANG_ANALYZER_NONNULL = YES;
				CLANG_ANALYZER_NUMBER_OBJECT_CONVERSION = YES_AGGRESSIVE;
				CLANG_CXX_LANGUAGE_STANDARD = "gnu++17";
				CLANG_ENABLE_MODULES = YES;
				CLANG_ENABLE_OBJC_ARC = YES;
				CLANG_ENABLE_OBJC_WEAK = YES;
				CLANG_WARN_BLOCK_CAPTURE_AUTORELEASING = YES;
				CLANG_WARN_BOOL_CONVERSION = YES;
				CLANG_WARN_COMMA = YES;
				CLANG_WARN_CONSTANT_CONVERSION = YES;
				CLANG_WARN_DEPRECATED_OBJC_IMPLEMENTATIONS = YES;
				CLANG_WARN_DIRECT_OBJC_ISA_USAGE = YES_ERROR;
				CLANG_WARN_DOCUMENTATION_COMMENTS = YES;
				CLANG_WARN_EMPTY_BODY = YES;
				CLANG_WARN_ENUM_CONVERSION = YES;
				CLANG_WARN_INFINITE_RECURSION = YES;
				CLANG_WARN_INT_CONVERSION = YES;
				CLANG_WARN_NON_LITERAL_NULL_CONVERSION = YES;
				CLANG_WARN_OBJC_IMPLICIT_RETAIN_SELF = YES;
				CLANG_WARN_OBJC_LITERAL_CONVERSION = YES;
				CLANG_WARN_OBJC_ROOT_CLASS = YES_ERROR;
				CLANG_WARN_QUOTED_INCLUDE_IN_FRAMEWORK_HEADER = YES;
				CLANG_WARN_RANGE_LOOP_ANALYSIS = YES;
				CLANG_WARN_STRICT_PROTOTYPES = YES;
				CLANG_WARN_SUSPICIOUS_MOVE = YES;
				CLANG_WARN_UNGUARDED_AVAILABILITY = YES_AGGRESSIVE;
				CLANG_WARN_UNREACHABLE_CODE = YES;
				CLANG_WARN__DUPLICATE_METHOD_MATCH = YES;
				COPY_PHASE_STRIP = NO;
				DEBUG_INFORMATION_FORMAT = "dwarf-with-dsym";
				ENABLE_NS_ASSERTIONS = NO;
				ENABLE_STRICT_OBJC_MSGSEND = YES;
				GCC_C_LANGUAGE_STANDARD = gnu11;
				GCC_NO_COMMON_BLOCKS = YES;
				GCC_WARN_64_TO_32_BIT_CONVERSION = YES;
				GCC_WARN_ABOUT_RETURN_TYPE = YES_ERROR;
				GCC_WARN_UNDECLARED_SELECTOR = YES;
				GCC_WARN_UNINITIALIZED_AUTOS = YES_AGGRESSIVE;
				GCC_WARN_UNUSED_FUNCTION = YES;
				GCC_WARN_UNUSED_VARIABLE = YES;
				IPHONEOS_DEPLOYMENT_TARGET = 15.5;
				MTL_ENABLE_DEBUG_INFO = NO;
				MTL_FAST_MATH = YES;
				SDKROOT = iphoneos;
				SWIFT_COMPILATION_MODE = wholemodule;
				SWIFT_OPTIMIZATION_LEVEL = "-O";
				VALIDATE_PRODUCT = YES;
			};
			name = Release;
		};
		F5B247CD29438EC300ECA2CA /* Debug */ = {
			isa = XCBuildConfiguration;
			buildSettings = {
				ASSETCATALOG_COMPILER_APPICON_NAME = AppIcon;
				ASSETCATALOG_COMPILER_GLOBAL_ACCENT_COLOR_NAME = AccentColor;
				CODE_SIGN_STYLE = Automatic;
				CURRENT_PROJECT_VERSION = 1;
				DEVELOPMENT_TEAM = P934RXJ57H;
				GENERATE_INFOPLIST_FILE = YES;
				INFOPLIST_FILE = AppleCoreData/Configuration/Info.plist;
				INFOPLIST_KEY_UIApplicationSupportsIndirectInputEvents = YES;
				INFOPLIST_KEY_UILaunchStoryboardName = LaunchScreen;
				INFOPLIST_KEY_UIMainStoryboardFile = Main;
				INFOPLIST_KEY_UISupportedInterfaceOrientations_iPad = "UIInterfaceOrientationPortrait UIInterfaceOrientationPortraitUpsideDown UIInterfaceOrientationLandscapeLeft UIInterfaceOrientationLandscapeRight";
				INFOPLIST_KEY_UISupportedInterfaceOrientations_iPhone = "UIInterfaceOrientationPortrait UIInterfaceOrientationLandscapeLeft UIInterfaceOrientationLandscapeRight";
				IPHONEOS_DEPLOYMENT_TARGET = 15.5;
				LD_RUNPATH_SEARCH_PATHS = (
					"$(inherited)",
					"@executable_path/Frameworks",
				);
				MARKETING_VERSION = 1.0;
				PRODUCT_BUNDLE_IDENTIFIER = AndrewSokolov.AppleCoreData;
				PRODUCT_NAME = "$(TARGET_NAME)";
				SWIFT_EMIT_LOC_STRINGS = YES;
				SWIFT_VERSION = 5.0;
				TARGETED_DEVICE_FAMILY = 1;
			};
			name = Debug;
		};
		F5B247CE29438EC300ECA2CA /* Release */ = {
			isa = XCBuildConfiguration;
			buildSettings = {
				ASSETCATALOG_COMPILER_APPICON_NAME = AppIcon;
				ASSETCATALOG_COMPILER_GLOBAL_ACCENT_COLOR_NAME = AccentColor;
				CODE_SIGN_STYLE = Automatic;
				CURRENT_PROJECT_VERSION = 1;
				DEVELOPMENT_TEAM = P934RXJ57H;
				GENERATE_INFOPLIST_FILE = YES;
				INFOPLIST_FILE = AppleCoreData/Configuration/Info.plist;
				INFOPLIST_KEY_UIApplicationSupportsIndirectInputEvents = YES;
				INFOPLIST_KEY_UILaunchStoryboardName = LaunchScreen;
				INFOPLIST_KEY_UIMainStoryboardFile = Main;
				INFOPLIST_KEY_UISupportedInterfaceOrientations_iPad = "UIInterfaceOrientationPortrait UIInterfaceOrientationPortraitUpsideDown UIInterfaceOrientationLandscapeLeft UIInterfaceOrientationLandscapeRight";
				INFOPLIST_KEY_UISupportedInterfaceOrientations_iPhone = "UIInterfaceOrientationPortrait UIInterfaceOrientationLandscapeLeft UIInterfaceOrientationLandscapeRight";
				IPHONEOS_DEPLOYMENT_TARGET = 15.5;
				LD_RUNPATH_SEARCH_PATHS = (
					"$(inherited)",
					"@executable_path/Frameworks",
				);
				MARKETING_VERSION = 1.0;
				PRODUCT_BUNDLE_IDENTIFIER = AndrewSokolov.AppleCoreData;
				PRODUCT_NAME = "$(TARGET_NAME)";
				SWIFT_EMIT_LOC_STRINGS = YES;
				SWIFT_VERSION = 5.0;
				TARGETED_DEVICE_FAMILY = 1;
			};
			name = Release;
		};
/* End XCBuildConfiguration section */

/* Begin XCConfigurationList section */
		F5B247B029438EC200ECA2CA /* Build configuration list for PBXProject "AppleCoreData" */ = {
			isa = XCConfigurationList;
			buildConfigurations = (
				F5B247CA29438EC300ECA2CA /* Debug */,
				F5B247CB29438EC300ECA2CA /* Release */,
			);
			defaultConfigurationIsVisible = 0;
			defaultConfigurationName = Release;
		};
		F5B247CC29438EC300ECA2CA /* Build configuration list for PBXNativeTarget "AppleCoreData" */ = {
			isa = XCConfigurationList;
			buildConfigurations = (
				F5B247CD29438EC300ECA2CA /* Debug */,
				F5B247CE29438EC300ECA2CA /* Release */,
			);
			defaultConfigurationIsVisible = 0;
			defaultConfigurationName = Release;
		};
/* End XCConfigurationList section */

/* Begin XCVersionGroup section */
		F5B247DF294391D600ECA2CA /* AppleCoreData.xcdatamodeld */ = {
			isa = XCVersionGroup;
			children = (
				F5B247E0294391D600ECA2CA /* AppleCoreData.xcdatamodel */,
			);
			currentVersion = F5B247E0294391D600ECA2CA /* AppleCoreData.xcdatamodel */;
			path = AppleCoreData.xcdatamodeld;
			sourceTree = "<group>";
			versionGroupType = wrapper.xcdatamodel;
		};
/* End XCVersionGroup section */
	};
	rootObject = F5B247AD29438EC200ECA2CA /* Project object */;
}
